
Microsoft Visual Studio Solution File, Format Version 12.00
# Visual Studio Version 17
VisualStudioVersion = 17.9.34728.123
MinimumVisualStudioVersion = 10.0.40219.1
Project("{2150E333-8FDC-42A3-9474-1A3956D46DE8}") = "Elementos de la solución", "Elementos de la solución", "{043F86E5-D7AD-4141-B503-49888F881539}"
	ProjectSection(SolutionItems) = preProject
		.editorconfig = .editorconfig
		.gitattributes = .gitattributes
		.gitignore = .gitignore
		LICENSE = LICENSE
		README.md = README.md
	EndProjectSection
EndProject
Project("{2150E333-8FDC-42A3-9474-1A3956D46DE8}") = "Application", "Application", "{D0A6E4EA-1E1A-4638-9F63-3A19008F5EA6}"
EndProject
Project("{9A19103F-16F7-4668-BE54-9A1E7A4F7556}") = "ManageFood.API", "ManageFood.API\ManageFood.API.csproj", "{055447E9-4324-4861-8CA0-3CFEA8EF1894}"
EndProject
Project("{9A19103F-16F7-4668-BE54-9A1E7A4F7556}") = "ManageFood.Infrastructure", "ManageFood.Infrastructure\ManageFood.Infrastructure.csproj", "{BFB67504-6B29-4D69-B8F4-4B98AF79B47D}"
EndProject
Project("{9A19103F-16F7-4668-BE54-9A1E7A4F7556}") = "ManageFood.Domain", "ManageFood.Domain\ManageFood.Domain.csproj", "{12FC9B44-7CA6-4E7E-A0D9-0B614411D504}"
EndProject
Project("{9A19103F-16F7-4668-BE54-9A1E7A4F7556}") = "ManageFood.Domain.Entities", "ManageFood.Domain.Entities\ManageFood.Domain.Entities.csproj", "{DE05D0BA-5DC8-42C4-933B-19C58E9EE64F}"
EndProject
Project("{9A19103F-16F7-4668-BE54-9A1E7A4F7556}") = "ManageFood.Contracts", "ManageFood.Contracts\ManageFood.Contracts.csproj", "{6DFF83A3-2FBF-4ECA-9167-408D9D954391}"
EndProject
Project("{9A19103F-16F7-4668-BE54-9A1E7A4F7556}") = "ManageFood.Tests", "ManageFood.Tests\ManageFood.Tests.csproj", "{1AAAD50D-52D4-47DE-B8C0-E49B8EFC2D2A}"
EndProject
Project("{E53339B2-1760-4266-BCC7-CA923CBCF16C}") = "docker-compose", "docker-compose.dcproj", "{C73FAE06-3321-4642-B7EB-2BE73617577E}"
EndProject
Global
	GlobalSection(SolutionConfigurationPlatforms) = preSolution
		Debug|Any CPU = Debug|Any CPU
		Release|Any CPU = Release|Any CPU
	EndGlobalSection
	GlobalSection(ProjectConfigurationPlatforms) = postSolution
		{055447E9-4324-4861-8CA0-3CFEA8EF1894}.Debug|Any CPU.ActiveCfg = Debug|Any CPU
		{055447E9-4324-4861-8CA0-3CFEA8EF1894}.Debug|Any CPU.Build.0 = Debug|Any CPU
		{055447E9-4324-4861-8CA0-3CFEA8EF1894}.Release|Any CPU.ActiveCfg = Release|Any CPU
		{055447E9-4324-4861-8CA0-3CFEA8EF1894}.Release|Any CPU.Build.0 = Release|Any CPU
		{BFB67504-6B29-4D69-B8F4-4B98AF79B47D}.Debug|Any CPU.ActiveCfg = Debug|Any CPU
		{BFB67504-6B29-4D69-B8F4-4B98AF79B47D}.Debug|Any CPU.Build.0 = Debug|Any CPU
		{BFB67504-6B29-4D69-B8F4-4B98AF79B47D}.Release|Any CPU.ActiveCfg = Release|Any CPU
		{BFB67504-6B29-4D69-B8F4-4B98AF79B47D}.Release|Any CPU.Build.0 = Release|Any CPU
		{12FC9B44-7CA6-4E7E-A0D9-0B614411D504}.Debug|Any CPU.ActiveCfg = Debug|Any CPU
		{12FC9B44-7CA6-4E7E-A0D9-0B614411D504}.Debug|Any CPU.Build.0 = Debug|Any CPU
		{12FC9B44-7CA6-4E7E-A0D9-0B614411D504}.Release|Any CPU.ActiveCfg = Release|Any CPU
		{12FC9B44-7CA6-4E7E-A0D9-0B614411D504}.Release|Any CPU.Build.0 = Release|Any CPU
		{DE05D0BA-5DC8-42C4-933B-19C58E9EE64F}.Debug|Any CPU.ActiveCfg = Debug|Any CPU
		{DE05D0BA-5DC8-42C4-933B-19C58E9EE64F}.Debug|Any CPU.Build.0 = Debug|Any CPU
		{DE05D0BA-5DC8-42C4-933B-19C58E9EE64F}.Release|Any CPU.ActiveCfg = Release|Any CPU
		{DE05D0BA-5DC8-42C4-933B-19C58E9EE64F}.Release|Any CPU.Build.0 = Release|Any CPU
		{6DFF83A3-2FBF-4ECA-9167-408D9D954391}.Debug|Any CPU.ActiveCfg = Debug|Any CPU
		{6DFF83A3-2FBF-4ECA-9167-408D9D954391}.Debug|Any CPU.Build.0 = Debug|Any CPU
		{6DFF83A3-2FBF-4ECA-9167-408D9D954391}.Release|Any CPU.ActiveCfg = Release|Any CPU
		{6DFF83A3-2FBF-4ECA-9167-408D9D954391}.Release|Any CPU.Build.0 = Release|Any CPU
		{1AAAD50D-52D4-47DE-B8C0-E49B8EFC2D2A}.Debug|Any CPU.ActiveCfg = Debug|Any CPU
		{1AAAD50D-52D4-47DE-B8C0-E49B8EFC2D2A}.Debug|Any CPU.Build.0 = Debug|Any CPU
		{1AAAD50D-52D4-47DE-B8C0-E49B8EFC2D2A}.Release|Any CPU.ActiveCfg = Release|Any CPU
		{1AAAD50D-52D4-47DE-B8C0-E49B8EFC2D2A}.Release|Any CPU.Build.0 = Release|Any CPU
		{C73FAE06-3321-4642-B7EB-2BE73617577E}.Debug|Any CPU.ActiveCfg = Debug|Any CPU
		{C73FAE06-3321-4642-B7EB-2BE73617577E}.Debug|Any CPU.Build.0 = Debug|Any CPU
		{C73FAE06-3321-4642-B7EB-2BE73617577E}.Release|Any CPU.ActiveCfg = Release|Any CPU
		{C73FAE06-3321-4642-B7EB-2BE73617577E}.Release|Any CPU.Build.0 = Release|Any CPU
	EndGlobalSection
	GlobalSection(SolutionProperties) = preSolution
		HideSolutionNode = FALSE
	EndGlobalSection
	GlobalSection(NestedProjects) = preSolution
		{055447E9-4324-4861-8CA0-3CFEA8EF1894} = {D0A6E4EA-1E1A-4638-9F63-3A19008F5EA6}
	EndGlobalSection
	GlobalSection(ExtensibilityGlobals) = postSolution
		SolutionGuid = {062F0931-DE0A-4EA1-B912-98F8597BF27B}
	EndGlobalSection
EndGlobal
